
Microsoft Visual Studio Solution File, Format Version 12.00
# Visual Studio 15
Project("{FAE04EC0-301F-11D3-BF4B-00C04F79EFBC}") = "Assembly-CSharp", "Assembly-CSharp.csproj", "{D197DE5E-FA16-6D65-61BD-9190C783A832}"
EndProject
Project("{FAE04EC0-301F-11D3-BF4B-00C04F79EFBC}") = "Assembly-CSharp-firstpass", "Assembly-CSharp-firstpass.csproj", "{346A603E-A2A8-1E9B-F05B-A37A5F1EB803}"
EndProject
Global
	GlobalSection(SolutionConfigurationPlatforms) = preSolution
		Debug|Any CPU = Debug|Any CPU
		Release|Any CPU = Release|Any CPU
	EndGlobalSection
	GlobalSection(ProjectConfigurationPlatforms) = postSolution
		{D197DE5E-FA16-6D65-61BD-9190C783A832}.Debug|Any CPU.ActiveCfg = Debug|Any CPU
		{D197DE5E-FA16-6D65-61BD-9190C783A832}.Debug|Any CPU.Build.0 = Debug|Any CPU
		{D197DE5E-FA16-6D65-61BD-9190C783A832}.Release|Any CPU.ActiveCfg = Release|Any CPU
		{D197DE5E-FA16-6D65-61BD-9190C783A832}.Release|Any CPU.Build.0 = Release|Any CPU
		{346A603E-A2A8-1E9B-F05B-A37A5F1EB803}.Debug|Any CPU.ActiveCfg = Debug|Any CPU
		{346A603E-A2A8-1E9B-F05B-A37A5F1EB803}.Debug|Any CPU.Build.0 = Debug|Any CPU
		{346A603E-A2A8-1E9B-F05B-A37A5F1EB803}.Release|Any CPU.ActiveCfg = Release|Any CPU
		{346A603E-A2A8-1E9B-F05B-A37A5F1EB803}.Release|Any CPU.Build.0 = Release|Any CPU
	EndGlobalSection
	GlobalSection(SolutionProperties) = preSolution
		HideSolutionNode = FALSE
	EndGlobalSection
EndGlobal
